
Microsoft Visual Studio Solution File, Format Version 12.00
# Visual Studio Version 16
VisualStudioVersion = 16.0.33927.289
MinimumVisualStudioVersion = 10.0.40219.1
Project("{2150E333-8FDC-42A3-9474-1A3956D46DE8}") = "Task0", "Task0", "{61544F41-4D67-4F08-8F8A-7D29BC74A726}"
EndProject
Project("{2150E333-8FDC-42A3-9474-1A3956D46DE8}") = "Task3", "Task3", "{FD05C97C-ECAA-4CD8-850F-09729FDDD1A7}"
EndProject
Project("{2150E333-8FDC-42A3-9474-1A3956D46DE8}") = "Task4", "Task4", "{AB6E7226-28C8-4BB8-B892-8BC5FF01946A}"
EndProject
Project("{2150E333-8FDC-42A3-9474-1A3956D46DE8}") = "Task5", "Task5", "{0686099C-5D53-42AA-ADBF-F37B7833C689}"
EndProject
Project("{2150E333-8FDC-42A3-9474-1A3956D46DE8}") = "Task6", "Task6", "{6DBC5C0A-D127-402E-9C84-93C33432A9DB}"
EndProject
Project("{2150E333-8FDC-42A3-9474-1A3956D46DE8}") = "Task7", "Task7", "{A6CB9108-3908-4132-A5E2-00F43C99B149}"
EndProject
Project("{FAE04EC0-301F-11D3-BF4B-00C04F79EFBC}") = "Tyuiu.PasechnikPA.Sprint3.Task0.V18", "Tyuiu.PasechnikPA.Sprint3.Task0.V18\Tyuiu.PasechnikPA.Sprint3.Task0.V18.csproj", "{4330AC2D-DC6F-4B7B-9A08-D96A4DBFEEEF}"
EndProject
Project("{FAE04EC0-301F-11D3-BF4B-00C04F79EFBC}") = "Tyuiu.PasechnikPA.Sprint3.Task0.V18.Lib", "Tyuiu.PasechnikPA.Sprint3.Task0.V18.Lib\Tyuiu.PasechnikPA.Sprint3.Task0.V18.Lib.csproj", "{035183DB-637A-4614-BFB9-27DFE853702D}"
EndProject
Project("{FAE04EC0-301F-11D3-BF4B-00C04F79EFBC}") = "Tyuiu.PasechnikPA.Sprint3.Task0.V18.Test", "Tyuiu.PasechnikPA.Sprint3.Task0.V18.Test\Tyuiu.PasechnikPA.Sprint3.Task0.V18.Test.csproj", "{112C7F34-9E75-4431-B7B4-55F4E0430E81}"
EndProject
Project("{2150E333-8FDC-42A3-9474-1A3956D46DE8}") = "Task1", "Task1", "{C8269237-4811-4987-B28D-38D2F5DABB87}"
EndProject
Project("{2150E333-8FDC-42A3-9474-1A3956D46DE8}") = "Task2", "Task2", "{61CDBEEC-40BA-4C04-8DD2-BC3ECD724D49}"
EndProject
Project("{FAE04EC0-301F-11D3-BF4B-00C04F79EFBC}") = "Tyuiu.PasechnikPA.Sprint3.Task1.V24", "Tyuiu.PasechnikPA.Sprint3.Task1.V24\Tyuiu.PasechnikPA.Sprint3.Task1.V24.csproj", "{5CA74E19-9FF4-4837-A0EF-F7D54440EF0E}"
EndProject
Project("{FAE04EC0-301F-11D3-BF4B-00C04F79EFBC}") = "Tyuiu.PasechnikPA.Sprint3.Task1.V24.Lib", "Tyuiu.PasechnikPA.Sprint3.Task1.V24.Lib\Tyuiu.PasechnikPA.Sprint3.Task1.V24.Lib.csproj", "{8628479A-95AA-4417-A01A-678098077212}"
EndProject
Project("{FAE04EC0-301F-11D3-BF4B-00C04F79EFBC}") = "Tyuiu.PasechnikPA.Sprint3.Task1.V24.Test", "Tyuiu.PasechnikPA.Sprint3.Task1.V24.Test\Tyuiu.PasechnikPA.Sprint3.Task1.V24.Test.csproj", "{9BF3918E-6A8D-4DF2-8A01-510D441FB0A9}"
EndProject
Project("{FAE04EC0-301F-11D3-BF4B-00C04F79EFBC}") = "Tyuiu.PasechnikPA.Sprint3.Task2.V13", "Tyuiu.PasechnikPA.Sprint3.Task2.V13\Tyuiu.PasechnikPA.Sprint3.Task2.V13.csproj", "{FD4215A2-F471-4952-9A1E-18B8F2730D76}"
EndProject
Project("{FAE04EC0-301F-11D3-BF4B-00C04F79EFBC}") = "Tyuiu.PasechnikPA.Sprint3.Task2.V13.Lib", "Tyuiu.PasechnikPA.Sprint3.Task2.V13.Lib\Tyuiu.PasechnikPA.Sprint3.Task2.V13.Lib.csproj", "{FC149A34-E142-46C2-AE10-3FC2D9457C10}"
EndProject
Project("{FAE04EC0-301F-11D3-BF4B-00C04F79EFBC}") = "Tyuiu.PasechnikPA.Sprint3.Task2.V13.Test", "Tyuiu.PasechnikPA.Sprint3.Task2.V13.Test\Tyuiu.PasechnikPA.Sprint3.Task2.V13.Test.csproj", "{30DA6545-3387-452C-B0AC-4F14397BFC5E}"
EndProject
Project("{FAE04EC0-301F-11D3-BF4B-00C04F79EFBC}") = "Tyuiu.PasechnikPA.Sprint3.Task3.V3.Test", "Tyuiu.PasechnikPA.Sprint3.Task3.V3.Test\Tyuiu.PasechnikPA.Sprint3.Task3.V3.Test.csproj", "{5D8DFC64-FE89-4FB2-B1E9-3DF4FD1E9372}"
EndProject
Project("{FAE04EC0-301F-11D3-BF4B-00C04F79EFBC}") = "Tyuiu.PasechnikPA.Sprint3.Task3.V3", "Tyuiu.PasechnikPA.Sprint3.Task3.V3\Tyuiu.PasechnikPA.Sprint3.Task3.V3.csproj", "{90B290BF-B965-46CF-97FB-5FC00AE305FC}"
EndProject
Project("{FAE04EC0-301F-11D3-BF4B-00C04F79EFBC}") = "Tyuiu.PasechnikPA.Sprint3.Task3.V3.Lib", "Tyuiu.PasechnikPA.Sprint3.Task3.V3.Lib\Tyuiu.PasechnikPA.Sprint3.Task3.V3.Lib.csproj", "{4B2B0C9A-47F5-4D66-821A-8FC7D17F5A6C}"
EndProject
Global
	GlobalSection(SolutionConfigurationPlatforms) = preSolution
		Debug|Any CPU = Debug|Any CPU
		Release|Any CPU = Release|Any CPU
	EndGlobalSection
	GlobalSection(ProjectConfigurationPlatforms) = postSolution
		{4330AC2D-DC6F-4B7B-9A08-D96A4DBFEEEF}.Debug|Any CPU.ActiveCfg = Debug|Any CPU
		{4330AC2D-DC6F-4B7B-9A08-D96A4DBFEEEF}.Debug|Any CPU.Build.0 = Debug|Any CPU
		{4330AC2D-DC6F-4B7B-9A08-D96A4DBFEEEF}.Release|Any CPU.ActiveCfg = Release|Any CPU
		{4330AC2D-DC6F-4B7B-9A08-D96A4DBFEEEF}.Release|Any CPU.Build.0 = Release|Any CPU
		{035183DB-637A-4614-BFB9-27DFE853702D}.Debug|Any CPU.ActiveCfg = Debug|Any CPU
		{035183DB-637A-4614-BFB9-27DFE853702D}.Debug|Any CPU.Build.0 = Debug|Any CPU
		{035183DB-637A-4614-BFB9-27DFE853702D}.Release|Any CPU.ActiveCfg = Release|Any CPU
		{035183DB-637A-4614-BFB9-27DFE853702D}.Release|Any CPU.Build.0 = Release|Any CPU
		{112C7F34-9E75-4431-B7B4-55F4E0430E81}.Debug|Any CPU.ActiveCfg = Debug|Any CPU
		{112C7F34-9E75-4431-B7B4-55F4E0430E81}.Debug|Any CPU.Build.0 = Debug|Any CPU
		{112C7F34-9E75-4431-B7B4-55F4E0430E81}.Release|Any CPU.ActiveCfg = Release|Any CPU
		{112C7F34-9E75-4431-B7B4-55F4E0430E81}.Release|Any CPU.Build.0 = Release|Any CPU
		{5CA74E19-9FF4-4837-A0EF-F7D54440EF0E}.Debug|Any CPU.ActiveCfg = Debug|Any CPU
		{5CA74E19-9FF4-4837-A0EF-F7D54440EF0E}.Debug|Any CPU.Build.0 = Debug|Any CPU
		{5CA74E19-9FF4-4837-A0EF-F7D54440EF0E}.Release|Any CPU.ActiveCfg = Release|Any CPU
		{5CA74E19-9FF4-4837-A0EF-F7D54440EF0E}.Release|Any CPU.Build.0 = Release|Any CPU
		{8628479A-95AA-4417-A01A-678098077212}.Debug|Any CPU.ActiveCfg = Debug|Any CPU
		{8628479A-95AA-4417-A01A-678098077212}.Debug|Any CPU.Build.0 = Debug|Any CPU
		{8628479A-95AA-4417-A01A-678098077212}.Release|Any CPU.ActiveCfg = Release|Any CPU
		{8628479A-95AA-4417-A01A-678098077212}.Release|Any CPU.Build.0 = Release|Any CPU
		{9BF3918E-6A8D-4DF2-8A01-510D441FB0A9}.Debug|Any CPU.ActiveCfg = Debug|Any CPU
		{9BF3918E-6A8D-4DF2-8A01-510D441FB0A9}.Debug|Any CPU.Build.0 = Debug|Any CPU
		{9BF3918E-6A8D-4DF2-8A01-510D441FB0A9}.Release|Any CPU.ActiveCfg = Release|Any CPU
		{9BF3918E-6A8D-4DF2-8A01-510D441FB0A9}.Release|Any CPU.Build.0 = Release|Any CPU
		{FD4215A2-F471-4952-9A1E-18B8F2730D76}.Debug|Any CPU.ActiveCfg = Debug|Any CPU
		{FD4215A2-F471-4952-9A1E-18B8F2730D76}.Debug|Any CPU.Build.0 = Debug|Any CPU
		{FD4215A2-F471-4952-9A1E-18B8F2730D76}.Release|Any CPU.ActiveCfg = Release|Any CPU
		{FD4215A2-F471-4952-9A1E-18B8F2730D76}.Release|Any CPU.Build.0 = Release|Any CPU
		{FC149A34-E142-46C2-AE10-3FC2D9457C10}.Debug|Any CPU.ActiveCfg = Debug|Any CPU
		{FC149A34-E142-46C2-AE10-3FC2D9457C10}.Debug|Any CPU.Build.0 = Debug|Any CPU
		{FC149A34-E142-46C2-AE10-3FC2D9457C10}.Release|Any CPU.ActiveCfg = Release|Any CPU
		{FC149A34-E142-46C2-AE10-3FC2D9457C10}.Release|Any CPU.Build.0 = Release|Any CPU
		{30DA6545-3387-452C-B0AC-4F14397BFC5E}.Debug|Any CPU.ActiveCfg = Debug|Any CPU
		{30DA6545-3387-452C-B0AC-4F14397BFC5E}.Debug|Any CPU.Build.0 = Debug|Any CPU
		{30DA6545-3387-452C-B0AC-4F14397BFC5E}.Release|Any CPU.ActiveCfg = Release|Any CPU
		{30DA6545-3387-452C-B0AC-4F14397BFC5E}.Release|Any CPU.Build.0 = Release|Any CPU
		{5D8DFC64-FE89-4FB2-B1E9-3DF4FD1E9372}.Debug|Any CPU.ActiveCfg = Debug|Any CPU
		{5D8DFC64-FE89-4FB2-B1E9-3DF4FD1E9372}.Debug|Any CPU.Build.0 = Debug|Any CPU
		{5D8DFC64-FE89-4FB2-B1E9-3DF4FD1E9372}.Release|Any CPU.ActiveCfg = Release|Any CPU
		{5D8DFC64-FE89-4FB2-B1E9-3DF4FD1E9372}.Release|Any CPU.Build.0 = Release|Any CPU
		{90B290BF-B965-46CF-97FB-5FC00AE305FC}.Debug|Any CPU.ActiveCfg = Debug|Any CPU
		{90B290BF-B965-46CF-97FB-5FC00AE305FC}.Debug|Any CPU.Build.0 = Debug|Any CPU
		{90B290BF-B965-46CF-97FB-5FC00AE305FC}.Release|Any CPU.ActiveCfg = Release|Any CPU
		{90B290BF-B965-46CF-97FB-5FC00AE305FC}.Release|Any CPU.Build.0 = Release|Any CPU
		{4B2B0C9A-47F5-4D66-821A-8FC7D17F5A6C}.Debug|Any CPU.ActiveCfg = Debug|Any CPU
		{4B2B0C9A-47F5-4D66-821A-8FC7D17F5A6C}.Debug|Any CPU.Build.0 = Debug|Any CPU
		{4B2B0C9A-47F5-4D66-821A-8FC7D17F5A6C}.Release|Any CPU.ActiveCfg = Release|Any CPU
		{4B2B0C9A-47F5-4D66-821A-8FC7D17F5A6C}.Release|Any CPU.Build.0 = Release|Any CPU
	EndGlobalSection
	GlobalSection(SolutionProperties) = preSolution
		HideSolutionNode = FALSE
	EndGlobalSection
	GlobalSection(NestedProjects) = preSolution
		{4330AC2D-DC6F-4B7B-9A08-D96A4DBFEEEF} = {61544F41-4D67-4F08-8F8A-7D29BC74A726}
		{035183DB-637A-4614-BFB9-27DFE853702D} = {61544F41-4D67-4F08-8F8A-7D29BC74A726}
		{112C7F34-9E75-4431-B7B4-55F4E0430E81} = {61544F41-4D67-4F08-8F8A-7D29BC74A726}
		{5CA74E19-9FF4-4837-A0EF-F7D54440EF0E} = {C8269237-4811-4987-B28D-38D2F5DABB87}
		{8628479A-95AA-4417-A01A-678098077212} = {C8269237-4811-4987-B28D-38D2F5DABB87}
		{9BF3918E-6A8D-4DF2-8A01-510D441FB0A9} = {C8269237-4811-4987-B28D-38D2F5DABB87}
		{FD4215A2-F471-4952-9A1E-18B8F2730D76} = {61CDBEEC-40BA-4C04-8DD2-BC3ECD724D49}
		{FC149A34-E142-46C2-AE10-3FC2D9457C10} = {61CDBEEC-40BA-4C04-8DD2-BC3ECD724D49}
		{30DA6545-3387-452C-B0AC-4F14397BFC5E} = {61CDBEEC-40BA-4C04-8DD2-BC3ECD724D49}
		{5D8DFC64-FE89-4FB2-B1E9-3DF4FD1E9372} = {FD05C97C-ECAA-4CD8-850F-09729FDDD1A7}
		{90B290BF-B965-46CF-97FB-5FC00AE305FC} = {FD05C97C-ECAA-4CD8-850F-09729FDDD1A7}
		{4B2B0C9A-47F5-4D66-821A-8FC7D17F5A6C} = {FD05C97C-ECAA-4CD8-850F-09729FDDD1A7}
	EndGlobalSection
	GlobalSection(ExtensibilityGlobals) = postSolution
		SolutionGuid = {7ADEF77C-BD56-4C30-B76B-6DFECEDB982C}
	EndGlobalSection
EndGlobal
